
Microsoft Visual Studio Solution File, Format Version 12.00
# Visual Studio Version 17
VisualStudioVersion = 17.5.002.0
MinimumVisualStudioVersion = 10.0.40219.1
Project("{9A19103F-16F7-4668-BE54-9A1E7A4F7556}") = "report-generator", "report-generator.csproj", "{DFCF60F1-2D01-4FB2-AED9-D0A3703980A2}"
EndProject
Global
	GlobalSection(SolutionConfigurationPlatforms) = preSolution
		Debug|Any CPU = Debug|Any CPU
		Release|Any CPU = Release|Any CPU
	EndGlobalSection
	GlobalSection(ProjectConfigurationPlatforms) = postSolution
		{DFCF60F1-2D01-4FB2-AED9-D0A3703980A2}.Debug|Any CPU.ActiveCfg = Debug|Any CPU
		{DFCF60F1-2D01-4FB2-AED9-D0A3703980A2}.Debug|Any CPU.Build.0 = Debug|Any CPU
		{DFCF60F1-2D01-4FB2-AED9-D0A3703980A2}.Release|Any CPU.ActiveCfg = Release|Any CPU
		{DFCF60F1-2D01-4FB2-AED9-D0A3703980A2}.Release|Any CPU.Build.0 = Release|Any CPU
	EndGlobalSection
	GlobalSection(SolutionProperties) = preSolution
		HideSolutionNode = FALSE
	EndGlobalSection
	GlobalSection(ExtensibilityGlobals) = postSolution
		SolutionGuid = {036AAA5A-FD80-497E-A71A-9F8ADB55F4AC}
	EndGlobalSection
EndGlobal
